# THIS IS AN AUTOGENERATED FILE. DO NOT EDIT THIS FILE DIRECTLY.
# yarn lockfile v1


"@babel/code-frame@^7.0.0", "@babel/code-frame@^7.16.7":
  version "7.16.7"
  resolved "https://registry.yarnpkg.com/@babel/code-frame/-/code-frame-7.16.7.tgz#44416b6bd7624b998f5b1af5d470856c40138789"
  integrity sha512-iAXqUn8IIeBTNd72xsFlgaXHkMBMt6y4HJp1tIaK465CWLT/fG1aqB7ykr95gHHmlBdGbFeWWfyB4NJJ0nmeIg==
  dependencies:
    "@babel/highlight" "^7.16.7"

"@babel/compat-data@^7.13.11", "@babel/compat-data@^7.16.4", "@babel/compat-data@^7.16.8":
  version "7.16.8"
  resolved "https://registry.yarnpkg.com/@babel/compat-data/-/compat-data-7.16.8.tgz#31560f9f29fdf1868de8cb55049538a1b9732a60"
  integrity sha512-m7OkX0IdKLKPpBlJtF561YJal5y/jyI5fNfWbPxh2D/nbzzGI4qRyrD8xO2jB24u7l+5I2a43scCG2IrfjC50Q==

"@babel/core@^7.15.0":
  version "7.16.12"
  resolved "https://registry.yarnpkg.com/@babel/core/-/core-7.16.12.tgz#5edc53c1b71e54881315923ae2aedea2522bb784"
  integrity sha512-dK5PtG1uiN2ikk++5OzSYsitZKny4wOCD0nrO4TqnW4BVBTQ2NGS3NgilvT/TEyxTST7LNyWV/T4tXDoD3fOgg==
  dependencies:
    "@babel/code-frame" "^7.16.7"
    "@babel/generator" "^7.16.8"
    "@babel/helper-compilation-targets" "^7.16.7"
    "@babel/helper-module-transforms" "^7.16.7"
    "@babel/helpers" "^7.16.7"
    "@babel/parser" "^7.16.12"
    "@babel/template" "^7.16.7"
    "@babel/traverse" "^7.16.10"
    "@babel/types" "^7.16.8"
    convert-source-map "^1.7.0"
    debug "^4.1.0"
    gensync "^1.0.0-beta.2"
    json5 "^2.1.2"
    semver "^6.3.0"
    source-map "^0.5.0"

"@babel/generator@^7.16.8":
  version "7.16.8"
  resolved "https://registry.yarnpkg.com/@babel/generator/-/generator-7.16.8.tgz#359d44d966b8cd059d543250ce79596f792f2ebe"
  integrity sha512-1ojZwE9+lOXzcWdWmO6TbUzDfqLD39CmEhN8+2cX9XkDo5yW1OpgfejfliysR2AWLpMamTiOiAp/mtroaymhpw==
  dependencies:
    "@babel/types" "^7.16.8"
    jsesc "^2.5.1"
    source-map "^0.5.0"

"@babel/helper-annotate-as-pure@^7.16.7":
  version "7.16.7"
  resolved "https://registry.yarnpkg.com/@babel/helper-annotate-as-pure/-/helper-annotate-as-pure-7.16.7.tgz#bb2339a7534a9c128e3102024c60760a3a7f3862"
  integrity sha512-s6t2w/IPQVTAET1HitoowRGXooX8mCgtuP5195wD/QJPV6wYjpujCGF7JuMODVX2ZAJOf1GT6DT9MHEZvLOFSw==
  dependencies:
    "@babel/types" "^7.16.7"

"@babel/helper-builder-binary-assignment-operator-visitor@^7.16.7":
  version "7.16.7"
  resolved "https://registry.yarnpkg.com/@babel/helper-builder-binary-assignment-operator-visitor/-/helper-builder-binary-assignment-operator-visitor-7.16.7.tgz#38d138561ea207f0f69eb1626a418e4f7e6a580b"
  integrity sha512-C6FdbRaxYjwVu/geKW4ZeQ0Q31AftgRcdSnZ5/jsH6BzCJbtvXvhpfkbkThYSuutZA7nCXpPR6AD9zd1dprMk