# THIS IS AN AUTOGENERATED FILE. DO NOT EDIT THIS FILE DIRECTLY.
# yarn lockfile v1


"@babel/code-frame@^7.0.0", "@babel/code-frame@^7.16.7":
  version "7.16.7"
  resolved "https://registry.yarnpkg.com/@babel/code-frame/-/code-frame-7.16.7.tgz#44416b6bd7624b998f5b1af5d470856c40138789"
  integrity sha512-iAXqUn8IIeBTNd72xsFlgaXHkMBMt6y4HJp1tIaK465CWLT/fG1aqB7ykr95gHHmlBdGbFeWWfyB4NJJ0nmeIg==
  dependencies:
    "@babel/highlight" "^7.16.7"

"@babel/compat-data@^7.13.11", "@babel/compat-data@^7.16.4", "@babel/compat-data@^7.16.8":
  version "7.16.8"
  resolved "https://registry.yarnpkg.com/@babel/compat-data/-/compat-data-7.16.8.tgz#31560f9f29fdf1868de8cb55049538a1b9732a60"
  integrity sha512-m7OkX0IdKLKPpBlJtF561YJal5y/jyI5fNfWbPxh2D/nbzzGI4qRyrD8xO2jB24u7l+5I2a43scCG2IrfjC50Q==

"@babel/core@^7.15.0":
  version "7.16.12"
  resolved "https://registry.yarnpkg.com/@babel/core/-/core-7.16.12.tgz#5edc53c1b71e54881315923ae2aedea2522bb784"
  integrity sha512-dK5PtG1uiN2ikk++5OzSYsitZKny4wOCD0nrO4TqnW4BVBTQ2NGS3NgilvT/TEyxTST7LNyWV/T4tXDoD3fOgg==
  dependencies:
    "@babel